{
  "name": "codekit-project",
  "version": "1.0.0",
  "lockfileVersion": 1,
  "requires": true,
  "dependencies": {
    "bootstrap": {
      "version": "4.4.1",
      "resolved": "https://registry.npmjs.org/bootstrap/-/bootstrap-4.4.1.tgz",
      "integrity": "sha512-tbx5cHubwE6e2ZG7nqM3g/FZ5PQEDMWmMGNrCUBVRPHXTJaH7CBDdsLeu3eCh3B1tzAxTnAbtmrzvWEvT2NNEA=="
    },
    "hamburgers": {
      "version": "1.1.3",
      "resolved": "https://registry.npmjs.org/hamburgers/-/hamburgers-1.1.3.tgz",
      "integrity": "sha512-qpfnJwZq6ATAGJEriwuyfVNgT++GG+o+3bBfPYF7F3WY452cYKbaYGUuqwhp+3kHLI6CL4VIBfj8bfbp90Lp1A=="
    },
    "lazysizes": {
      "version": "5.2.0",
      "resolved": "https://registry.npmjs.org/lazysizes/-/lazysizes-5.2.0.tgz",
      "integrity": "sha512-931KnHwsdCm7U7/S0GDj6FSkPvQ3ugGw65J5Plp2Mq1gBTPl9VShU+cIIX6uRr+dit+APDLmvx1FwjDll5bHLQ=="
    }
  }
}
